# Generated by conda-lock.
# platform: osx-arm64
# input_hash: ac7fd3450c161955365de8484173c2e8c3f994f64b1e26ad92f8934bfebba0b1
@EXPLICIT
https://conda.anaconda.org/conda-forge/osx-arm64/aws-c-common-0.9.5-h93a5062_0.conda#670b887541c5cee02511e39e29e509ae
https://conda.anaconda.org/conda-forge/osx-arm64/bzip2-1.0.8-h93a5062_5.conda#1bbc659ca658bfd49a481b5ef7a0f40f
https://conda.anaconda.org/conda-forge/osx-arm64/c-ares-1.21.0-h93a5062_0.conda#b3679505660f03e94430de5ea72114bd
https://conda.anaconda.org/conda-forge/osx-arm64/ca-certificates-2023.7.22-hf0a4a13_0.conda#e1b99ac4dbcee71a71682996f67f7965
https://conda.anaconda.org/conda-forge/osx-arm64/dav1d-1.2.1-hb547adb_0.conda#5a74cdee497e6b65173e10d94582fae6
https://conda.anaconda.org/conda-forge/noarch/font-ttf-dejavu-sans-mono-2.37-hab24e00_0.tar.bz2#0c96522c6bdaed4b1566d11387caaf45
https://conda.anaconda.org/conda-forge/noarch/font-ttf-inconsolata-3.000-h77eed37_0.tar.bz2#34893075a5c9e55cdafac56607368fc6
https://conda.anaconda.org/conda-forge/noarch/font-ttf-source-code-pro-2.038-h77eed37_0.tar.bz2#4d59c254e01d9cde7957100457e2d5fb
https://conda.anaconda.org/conda-forge/noarch/font-ttf-ubuntu-0.83-hab24e00_0.tar.bz2#19410c3df09dfb12d1206132a1d357c5
https://conda.anaconda.org/conda-forge/osx-arm64/fribidi-1.0.10-h27ca646_0.tar.bz2#c64443234ff91d70cb9c7dc926c58834
https://conda.anaconda.org/conda-forge/osx-arm64/giflib-5.2.1-h1a8c8d9_3.conda#f39a05d3dbb0e5024b7deabb2c0993f1
https://conda.anaconda.org/conda-forge/osx-arm64/icu-73.2-hc8870d7_0.conda#8521bd47c0e11c5902535bb1a17c565f
https://conda.anaconda.org/conda-forge/osx-arm64/lame-3.100-h1a8c8d9_1003.tar.bz2#bff0e851d66725f78dc2fd8b032ddb7e
https://conda.anaconda.org/conda-forge/osx-arm64/libbrotlicommon-1.1.0-hb547adb_1.conda#cd68f024df0304be41d29a9088162b02
https://conda.anaconda.org/conda-forge/osx-arm64/libcxx-16.0.6-h4653b0c_0.conda#9d7d724faf0413bf1dbc5a85935700c8
https://conda.anaconda.org/conda-forge/osx-arm64/libdeflate-1.19-hb547adb_0.conda#f8c1eb0e99e90b55965c6558578537cc
https://conda.anaconda.org/conda-forge/osx-arm64/libev-4.33-h642e427_1.tar.bz2#566dbf70fe79eacdb3c3d3d195a27f55
https://conda.anaconda.org/conda-forge/osx-arm64/libexpat-2.5.0-hb7217d7_1.conda#5a097ad3d17e42c148c9566280481317
https://conda.anaconda.org/conda-forge/osx-arm64/libffi-3.4.2-h3422bc3_5.tar.bz2#086914b672be056eb70fd4285b6783b6
https://conda.anaconda.org/conda-forge/osx-arm64/libiconv-1.17-he4db4b2_0.tar.bz2#686f9c755574aa221f29fbcf36a67265
https://conda.anaconda.org/conda-forge/osx-arm64/libjpeg-turbo-3.0.0-hb547adb_1.conda#3ff1e053dc3a2b8e36b9bfa4256a58d1
https://conda.anaconda.org/conda-forge/osx-arm64/libopus-1.3.1-h27ca646_1.tar.bz2#3d0dbee0ccd2f6d6781d270313627b62
https://conda.anaconda.org/conda-forge/osx-arm64/libtasn1-4.19.0-h1a8c8d9_0.tar.bz2#c35bc17c31579789c76739486fc6d27a
https://conda.anaconda.org/conda-forge/osx-arm64/libtool-2.4.7-hb7217d7_0.conda#fe8efc3385f58f0055e8100b07225055
https://conda.anaconda.org/conda-forge/osx-arm64/libunistring-0.9.10-h3422bc3_0.tar.bz2#d88e77a4861e20bd96bde6628ee7a5ae
https://conda.anaconda.org/conda-forge/osx-arm64/libutf8proc-2.8.0-h1a8c8d9_0.tar.bz2#f8c9c41a122ab3abdf8943b13f4957ee
https://conda.anaconda.org/conda-forge/osx-arm64/libwebp-base-1.3.2-hb547adb_0.conda#85dbc11098cdbe4244cd73f29a3ab795
https://conda.anaconda.org/conda-forge/osx-arm64/libzlib-1.2.13-h53f4e23_5.conda#1a47f5236db2e06a320ffa0392f81bd8
https://conda.anaconda.org/conda-forge/osx-arm64/llvm-openmp-17.0.4-hcd81f8e_0.conda#88618857d4b3fadc13649d1a25cf1e4c
https://conda.anaconda.org/conda-forge/osx-arm64/nettle-3.8.1-h63371fa_1.tar.bz2#0da3266889a3febbb9840a7a89d29da9
https://conda.anaconda.org/conda-forge/osx-arm64/pthread-stubs-0.4-h27ca646_1001.tar.bz2#d3f26c6494d4105d4ecb85203d687102
https://conda.anaconda.org/conda-forge/osx-arm64/python_abi-3.10-4_cp310.conda#1a3d9c6bb5f0b1b22d9e9296c127e8c7
https://conda.anaconda.org/conda-forge/noarch/tzdata-2023c-h71feb2d_0.conda#939e3e74d8be4dac89ce83b20de2492a
https://conda.anaconda.org/conda-forge/osx-arm64/x264-1!164.3095-h57fd34a_2.tar.bz2#b1f6dccde5d3a1f911960b6e567113ff
https://conda.anaconda.org/conda-forge/osx-arm64/xorg-libxau-1.0.11-hb547adb_0.conda#ca73dc4f01ea91e44e3ed76602c5ea61
https://conda.anaconda.org/conda-forge/osx-arm64/xorg-libxdmcp-1.1.3-h27ca646_0.tar.bz2#6738b13f7fadc18725965abdd4129c36
https://conda.anaconda.org/conda-forge/osx-arm64/xxhash-0.8.2-hb547adb_0.conda#144cd3b88706507f332f5eb5fb83a33b
https://conda.anaconda.org/conda-forge/osx-arm64/xz-5.2.6-h57fd34a_0.tar.bz2#39c6b54e94014701dd157f4f576ed211
https://conda.anaconda.org/conda-forge/osx-arm64/yaml-0.2.5-h3422bc3_2.tar.bz2#4bb3f014845110883a3c5ee811fd84b4
https://conda.anaconda.org/conda-forge/osx-arm64/aom-3.6.1-hb765f3a_0.conda#efe2c75abcf259999d1779bbbc9cd3ce
https://conda.anaconda.org/conda-forge/osx-arm64/aws-c-cal-0.6.9-he63e28a_0.conda#ee1d0219702c1b9fef1fe726d8c42607
https://conda.anaconda.org/conda-forge/osx-arm64/aws-c-compression-0.2.17-he63e28a_5.conda#7e6495024259d31bd33a0f43620f238a
https://conda.anaconda.org/conda-forge/osx-arm64/aws-c-sdkutils-0.1.12-he63e28a_4.conda#b7fad8d42a716920a4c6cee7d97a6be3
https://conda.anaconda.org/conda-forge/osx-arm64/aws-checksums-0.1.17-he63e28a_4.conda#137e2a6fbd1a9af10327431a058995ea
https://conda.anaconda.org/conda-forge/osx-arm64/expat-2.5.0-hb7217d7_1.conda#624fa0dd6fdeaa650b71a62296fdfedf
https://conda.anaconda.org/conda-forge/noarch/fonts-conda-forge-1-0.tar.bz2#f766549260d6815b0c52253f1fb1bb29
https://conda.anaconda.org/conda-forge/osx-arm64/gettext-0.21.1-h0186832_0.tar.bz2#63d2ff6fddfa74e5458488fd311bf635
https://conda.anaconda.org/conda-forge/osx-arm64/gflags-2.2.2-hc88da5d_1004.tar.bz2#aab9ddfad863e9ef81229a1f8852211b
https://conda.anaconda.org/conda-forge/osx-arm64/gmp-6.2.1-h9f76cd9_0.tar.bz2#f8140773b6ca51bf32feec9b4290a8c5
https://conda.anaconda.org/conda-forge/osx-arm64/graphite2-1.3.13-h9f76cd9_1001.tar.bz2#288b591645cb9cb9c0af7309ac1114f5
https://conda.anaconda.org/conda-forge/osx-arm64/lerc-4.0.0-h9a09cb3_0.tar.bz2#de462d5aacda3b30721b512c5da4e742
https://conda.anaconda.org/conda-forge/osx-arm64/libabseil-20230802.1-cxx17_h13dd4ca_0.conda#fb6dfadc1898666616dfda242d8aea10
https://conda.anaconda.org/conda-forge/osx-arm64/libbrotlidec-1.1.0-hb547adb_1.conda#ee1a519335cc10d0ec7e097602058c0a
https://conda.anaconda.org/conda-forge/osx-arm64/libbrotlienc-1.1.0-hb547adb_1.conda#d7e077f326a98b2cc60087eaff7c730b
https://conda.anaconda.org/conda-forge/osx-arm64/libcrc32c-1.1.2-hbdafb3b_0.tar.bz2#32bd82a6a625ea6ce090a81c3d34edeb
https://conda.anaconda.org/conda-forge/osx-arm64/libgfortran5-13.2.0-hf226fd6_1.conda#4480d71b98c87faafab132d33e23135e
https://conda.anaconda.org/conda-forge/osx-arm64/libpng-1.6.39-h76d750c_0.conda#0078e6327c13cfdeae6ff7601e360383
https://conda.anaconda.org/conda-forge/osx-arm64/libsqlite-3.44.0-h091b4b1_0.conda#28eb31a5b4e704353ed575758e2fcf1d
https://conda.anaconda.org/conda-forge/osx-arm64/libvpx-1.13.1-hb765f3a_0.conda#d62a0d3d8c01bd9fad3fd17d720d0cf5
https://conda.anaconda.org/conda-forge/osx-arm64/libxcb-1.15-hf346824_0.conda#988d5f86ab60fa6de91b3ee3a88a3af9
https://conda.anaconda.org/conda-forge/osx-arm64/libxml2-2.11.5-h25269f3_1.conda#627b5d1377536b5b632ba53cd1455555
https://conda.anaconda.org/conda-forge/osx-arm64/lz4-c-1.9.4-hb7217d7_0.conda#45505bec548634f7d05e02fb25262cb9
https://conda.anaconda.org/conda-forge/osx-arm64/ncurses-6.4-h463b476_2.conda#52b6f254a7b9663e854f44b6570ed982
https://conda.anaconda.org/conda-forge/osx-arm64/openh264-2.3.1-hb7217d7_2.conda#6ce0517e73640933cf5916deb21d4f23
https://conda.anaconda.org/conda-forge/osx-arm64/openssl-3.1.4-h0d3ecfb_0.conda#5a89552fececf4cd99628318ccbb67a3
https://conda.anaconda.org/conda-forge/osx-arm64/p11-kit-0.24.1-h29577a5_0.tar.bz2#8f111d56c8c7c1895bde91a942c43d93
https://conda.anaconda.org/conda-forge/osx-arm64/pcre2-10.40-hb34f9b4_0.tar.bz2#721b7288270bafc83586b0f01c2a67f2
https://conda.anaconda.org/conda-forge/osx-arm64/pixman-0.42.2-h13dd4ca_0.conda#f96347021db6f33ccabe314ddeab62d4
https://conda.anaconda.org/conda-forge/osx-arm64/snappy-1.1.10-h17c5cce_0.conda#ac82a611d1a67a598096ebaa857198e3
https://conda.anaconda.org/conda-forge/osx-arm64/svt-av1-1.7.0-hb765f3a_0.conda#e90a180c1ad53fe8e170db74e544cbf6
https://conda.anaconda.org/conda-forge/osx-arm64/tk-8.6.13-h5083fa2_1.conda#b50a57ba89c32b62428b71a875291c9b
https://conda.anaconda.org/conda-forge/osx-arm64/x265-3.5-hbc6ce65_3.tar.bz2#b1f7f2780feffe310b068c021e8ff9b2
https://conda.anaconda.org/conda-forge/osx-arm64/zlib-1.2.13-h53f4e23_5.conda#a08383f223b10b71492d27566fafbf6c
https://conda.anaconda.org/conda-forge/osx-arm64/zstd-1.5.5-h4f39d0f_0.conda#5b212cfb7f9d71d603ad891879dc7933
https://conda.anaconda.org/conda-forge/osx-arm64/aws-c-io-0.13.35-hc042dea_7.conda#77ba8c6681ba3cbe58d95053bed475ba
https://conda.anaconda.org/conda-forge/noarch/fonts-conda-ecosystem-1-0.tar.bz2#fee5683a3f04bd15cbd8318b096a27ab
https://conda.anaconda.org/conda-forge/osx-arm64/freetype-2.12.1-hadb7bae_2.conda#e6085e516a3e304ce41a8ee08b9b89ad
https://conda.anaconda.org/conda-forge/osx-arm64/glog-0.6.0-h6da1cb0_0.tar.bz2#5a570729c7709399cf8511aeeda6f989
https://conda.anaconda.org/conda-forge/osx-arm64/libedit-3.1.20191231-hc8eb9b7_2.tar.bz2#30e4362988a2623e9eb34337b83e01f9
https://conda.anaconda.org/conda-forge/osx-arm64/libevent-2.1.12-h2757513_1.conda#1a109764bff3bdc7bdd84088347d71dc
https://conda.anaconda.org/conda-forge/osx-arm64/libgfortran-5.0.0-13_2_0_hd922786_1.conda#1ad37a5c60c250bb2b4a9f75563e181c
https://conda.anaconda.org/conda-forge/osx-arm64/libglib-2.78.1-hd9b11f9_0.conda#4e4a9c1cf849de0f9e8b36af65f6f291
https://conda.anaconda.org/conda-forge/osx-arm64/libidn2-2.3.4-h1a8c8d9_0.tar.bz2#7fdc11b6fd3ea4ce92886df855fc7085
https://conda.anaconda.org/conda-forge/osx-arm64/libnghttp2-1.58.0-ha4dd798_0.conda#b93d94874cfd44bc96496c2ee69f82a9
https://conda.anaconda.org/conda-forge/osx-arm64/libprotobuf-4.24.4-hc9861d8_0.conda#ac5438d981e105e053b341eb30c44273
https://conda.anaconda.org/conda-forge/osx-arm64/libre2-11-2023.06.02-h1753957_0.conda#3b8652db4bf4e27fa1446526f7a78498
https://conda.anaconda.org/conda-forge/osx-arm64/libssh2-1.11.0-h7a5bd25_0.conda#029f7dc931a3b626b94823bc77830b01
https://conda.anaconda.org/conda-forge/osx-arm64/libtiff-4.6.0-ha8a6c65_2.conda#596d6d949bab9a75a492d451f521f457
https://conda.anaconda.org/conda-forge/osx-arm64/mpfr-4.2.1-h9546428_0.conda#a0d56e1ff4ac1babc2e95516aeba7d24
https://conda.anaconda.org/conda-forge/osx-arm64/readline-8.2-h92ec313_1.conda#8cbb776a2f641b943d413b3e19df71f4
https://conda.anaconda.org/conda-forge/osx-arm64/atk-1.0-2.38.0-hcb7b3dd_1.tar.bz2#3c98bfeed7717a9cf5af18c295f49f3a
https://conda.anaconda.org/conda-forge/osx-arm64/aws-c-event-stream-0.3.2-h1dc1696_5.conda#4455748c072e91880008764d2bc7d5ae
https://conda.anaconda.org/conda-forge/osx-arm64/aws-c-http-0.7.13-h883952f_9.conda#66c46757d1b2915411f621a74bb87328
https://conda.anaconda.org/conda-forge/osx-arm64/fontconfig-2.14.2-h82840c6_0.conda#f77d47ddb6d3cc5b39b9bdf65635afbb
https://conda.anaconda.org/conda-forge/osx-arm64/gdk-pixbuf-2.42.10-h15fa40c_4.conda#ed5cfaa924087471c439d94a0e393364
https://conda.anaconda.org/conda-forge/osx-arm64/gnutls-3.7.8-h9f1a10d_0.tar.bz2#2367cca5a0451a70d01cff2dd2ce7d3e
https://conda.anaconda.org/conda-forge/osx-arm64/gts-0.7.6-he42f4ea_4.conda#21b4dd3098f63a74cf2aa9159cbef57d
https://conda.anaconda.org/conda-forge/osx-arm64/krb5-1.21.2-h92f50d5_0.conda#92f1cff174a538e0722bf2efb16fc0b2
https://conda.anaconda.org/conda-forge/osx-arm64/lcms2-2.15-hf2736f0_3.conda#bbaac531169fed3e09ae31aff80aa069
https://conda.anaconda.org/conda-forge/osx-arm64/libopenblas-0.3.24-openmp_hd76b1f2_0.conda#aacb05989f358affe1bafd4ea7294db4
https://conda.anaconda.org/conda-forge/osx-arm64/libthrift-0.19.0-h026a170_1.conda#4b8b21eb00d9019e9fa351141da2a6ac
https://conda.anaconda.org/conda-forge/osx-arm64/libwebp-1.3.2-hf30222e_1.conda#a07cf7f5425eb51b79880fb66837200f
https://conda.anaconda.org/conda-forge/osx-arm64/mpc-1.3.1-h91ba8db_0.conda#362af269d860ae49580f8f032a68b0df
https://conda.anaconda.org/conda-forge/osx-arm64/openjpeg-2.5.0-h4c1507b_3.conda#4127dd217a010d9c6cbefdaae07d9f19
https://conda.anaconda.org/conda-forge/osx-arm64/orc-1.9.0-h7c018df_4.conda#5873127225c5803d45b550024a01af1c
https://conda.anaconda.org/conda-forge/osx-arm64/python-3.10.13-h2469fbe_0_cpython.conda#c962b55e55a14d30f61fe11b84c2b319
https://conda.anaconda.org/conda-forge/osx-arm64/re2-2023.06.02-h6135d0a_0.conda#8f23674174b155300696a2be8b5c1407
https://conda.anaconda.org/conda-forge/noarch/appdirs-1.4.4-pyh9f0ad1d_0.tar.bz2#5f095bc6454094e96f146491fd03633b
https://conda.anaconda.org/conda-forge/noarch/attrs-23.1.0-pyh71513ae_1.conda#3edfead7cedd1ab4400a6c588f3e75f8
https://conda.anaconda.org/conda-forge/osx-arm64/aws-c-auth-0.7.5-h7a53df1_2.conda#dc4c7c7de6ce3c6789913486f437546c
https://conda.anaconda.org/conda-forge/osx-arm64/aws-c-mqtt-0.9.8-hc220e0c_1.conda#aaa552dd7135e305483655e5fafd482f
https://conda.anaconda.org/conda-forge/osx-arm64/brotli-python-1.1.0-py310h1253130_1.conda#26fab7f65a80fff9f402ec3b7860b88a
https://conda.anaconda.org/conda-forge/osx-arm64/cairo-1.18.0-hd1e100b_0.conda#3fa6eebabb77f65e82f86b72b95482db
https://conda.anaconda.org/conda-forge/noarch/certifi-2023.7.22-pyhd8ed1ab_0.conda#7f3dbc9179b4dde7da98dfb151d0ad22
https://conda.anaconda.org/conda-forge/noarch/charset-normalizer-3.3.2-pyhd8ed1ab_0.conda#7f4a9e3fcff3f6356ae99244a014da6a
https://conda.anaconda.org/conda-forge/noarch/click-8.1.7-unix_pyh707e725_0.conda#f3ad426304898027fc619827ff428eca
https://conda.anaconda.org/conda-forge/noarch/cloudpickle-2.2.1-pyhd8ed1ab_0.conda#b325bfc4cff7d7f8a868f1f7ecc4ed16
https://conda.anaconda.org/conda-forge/noarch/colorama-0.4.6-pyhd8ed1ab_0.tar.bz2#3faab06a954c2a04039983f2c4a50d99
https://conda.anaconda.org/conda-forge/osx-arm64/crcmod-1.7-py310h2aa6e3c_1010.conda#e2c13129df4b45b048657cf30748f8d3
https://conda.anaconda.org/conda-forge/noarch/dataclasses-0.8-pyhc8e2a94_3.tar.bz2#a362b2124b06aad102e2ee4581acee7d
https://conda.anaconda.org/conda-forge/noarch/dill-0.3.1.1-pyhd8ed1ab_2.tar.bz2#dd31e651e9a38205c86447c1bb3a1607
https://conda.anaconda.org/conda-forge/noarch/docopt-0.6.2-py_1.tar.bz2#a9ed63e45579cfef026a916af2bc27c9
https://conda.anaconda.org/conda-forge/noarch/einops-0.7.0-pyhd8ed1ab_1.conda#1641890c9375ddb22381f3eb9ac157df
https://conda.anaconda.org/conda-forge/noarch/exceptiongroup-1.1.3-pyhd8ed1ab_0.conda#e6518222753f519e911e83136d2158d9
https://conda.anaconda.org/conda-forge/noarch/fasteners-0.17.3-pyhd8ed1ab_0.tar.bz2#348e27e78a5e39090031448c72f66d5e
https://conda.anaconda.org/conda-forge/noarch/filelock-3.13.1-pyhd8ed1ab_0.conda#0c1729b74a8152fde6a38ba0a2ab9f45
https://conda.anaconda.org/conda-forge/osx-arm64/frozenlist-1.4.0-py310h2aa6e3c_1.conda#4f6aa33b93a158da819ca98bc129e735
https://conda.anaconda.org/conda-forge/noarch/fsspec-2023.10.0-pyhca7485f_0.conda#5b86cf1ceaaa9be2ec4627377e538db1
https://conda.anaconda.org/conda-forge/osx-arm64/gmpy2-2.1.2-py310h2e6cad2_1.tar.bz2#27b520e4dc0b892707c35d0dfea2e583
https://conda.anaconda.org/conda-forge/noarch/hpack-4.0.0-pyh9f0ad1d_0.tar.bz2#914d6646c4dbb1fd3ff539830a12fd71
https://conda.anaconda.org/conda-forge/noarch/hyperframe-6.0.1-pyhd8ed1ab_0.tar.bz2#9f765cbfab6870c8435b9eefecd7a1f4
https://conda.anaconda.org/conda-forge/noarch/idna-3.4-pyhd8ed1ab_0.tar.bz2#34272b248891bddccc64479f9a7fffed
https://conda.anaconda.org/conda-forge/osx-arm64/libblas-3.9.0-19_osxarm64_openblas.conda#f50b1fd98593278e18319653cff9c475
https://conda.anaconda.org/conda-forge/osx-arm64/libcurl-8.4.0-h2d989ff_0.conda#afabb3372209028627ec03e206f4d967
https://conda.anaconda.org/conda-forge/osx-arm64/libgd-2.3.3-hfdf3952_9.conda#0d847466f115fbdaaf2b6926f2e33278
https://conda.anaconda.org/conda-forge/osx-arm64/libgrpc-1.59.2-hbcf6334_0.conda#773cf509934965514cc62d97fb38a2d7
https://conda.anaconda.org/conda-forge/osx-arm64/loguru-0.7.2-py310hbe9552e_1.conda#0a7e5f041adb23f7d4d80d8210774a29
https://conda.anaconda.org/conda-forge/osx-arm64/markupsafe-2.1.3-py310h2aa6e3c_1.conda#bcec7846de67985acb2152aa1fc0b45f
https://conda.anaconda.org/conda-forge/noarch/mdurl-0.1.0-pyhd8ed1ab_0.tar.bz2#f8dab71fdc13b1bf29a01248b156d268
https://conda.anaconda.org/conda-forge/noarch/mpmath-1.3.0-pyhd8ed1ab_0.conda#dbf6e2d89137da32fa6670f3bffc024e
https://conda.anaconda.org/conda-forge/osx-arm64/multidict-6.0.4-py310h8e9501a_1.conda#ca712ab597b2a0e11e0686882f0d0f04
https://conda.anaconda.org/conda-forge/noarch/networkx-3.2.1-pyhd8ed1ab_0.conda#425fce3b531bed6ec3c74fab3e5f0a1c
https://conda.anaconda.org/conda-forge/noarch/objsize-0.6.1-pyhd8ed1ab_0.conda#5f1b09d321f12d56bca2573e4166a483
https://conda.anaconda.org/conda-forge/osx-arm64/orjson-3.9.10-py310h76820b8_0.conda#05c78032553527dab057e39d39eb3a7e
https://conda.anaconda.org/conda-forge/noarch/packaging-23.2-pyhd8ed1ab_0.conda#79002079284aa895f883c6b7f3f88fd6
https://conda.anaconda.org/conda-forge/noarch/pathtools-0.1.2-py_1.tar.bz2#7c9b5632c61951216374dbaa34659301
https://conda.anaconda.org/conda-forge/osx-arm64/pillow-10.1.0-py310hfae7ebd_0.conda#c66984e8d278284deb358f239b7e6f6c
https://conda.anaconda.org/conda-forge/osx-arm64/psutil-5.9.5-py310h2aa6e3c_1.conda#23345ff87d77b88a64c86e33129306bc
https://conda.anaconda.org/conda-forge/noarch/pycparser-2.21-pyhd8ed1ab_0.tar.bz2#076becd9e05608f8dc72757d5f3a91ff
https://conda.anaconda.org/conda-forge/noarch/pygments-2.16.1-pyhd8ed1ab_0.conda#40e5cb18165466773619e5c963f00a7b
https://conda.anaconda.org/conda-forge/noarch/pyjsparser-2.7.1-pyh8c360ce_0.tar.bz2#f202350921914a910cd827edb6a75960
https://conda.anaconda.org/conda-forge/noarch/pyparsing-3.1.1-pyhd8ed1ab_0.conda#176f7d56f0cfe9008bdf1bccd7de02fb
https://conda.anaconda.org/conda-forge/noarch/pysocks-1.7.1-pyha2e5f31_6.tar.bz2#2a7de29fb590ca14b5243c4c812c8025
https://conda.anaconda.org/conda-forge/noarch/python-tzdata-2023.3-pyhd8ed1ab_0.conda#2590495f608a63625e165915fb4e2e34
https://conda.anaconda.org/conda-forge/osx-arm64/python-xxhash-3.4.1-py310h2aa6e3c_0.conda#1ea2623787df3f44c61560d27cdef11f
https://conda.anaconda.org/conda-forge/noarch/pytz-2023.3.post1-pyhd8ed1ab_0.conda#c93346b446cd08c169d843ae5fc0da97
https://conda.anaconda.org/conda-forge/osx-arm64/pyyaml-6.0.1-py310h2aa6e3c_1.conda#0e7ccdd121ce7b486f1de7917178387c
https://conda.anaconda.org/conda-forge/osx-arm64/regex-2023.10.3-py310h2aa6e3c_0.conda#3ef720cf87fa9806b824909ff7a07fee
https://conda.anaconda.org/conda-forge/osx-arm64/ruamel.yaml.clib-0.2.7-py310h2aa6e3c_2.conda#856ce2f288064775aa652ad9da9acbdc
https://conda.anaconda.org/conda-forge/osx-arm64/safetensors-0.3.3-py310had9acf8_1.conda#68e60f55f34839231046cf5dfaec4504
https://conda.anaconda.org/conda-forge/osx-arm64/setproctitle-1.3.3-py310h2aa6e3c_0.conda#ea66c4dc037138bce77a1dfbaaaa5daa
https://conda.anaconda.org/conda-forge/noarch/setuptools-68.2.2-pyhd8ed1ab_0.conda#fc2166155db840c634a1291a5c35a709
https://conda.anaconda.org/conda-forge/noarch/shellingham-1.5.4-pyhd8ed1ab_0.conda#d08db09a552699ee9e7eec56b4eb3899
https://conda.anaconda.org/conda-forge/noarch/six-1.16.0-pyh6c4a22f_0.tar.bz2#e5f25f8dbc060e9a8d912e432202afc2
https://conda.anaconda.org/conda-forge/noarch/smmap-5.0.0-pyhd8ed1ab_0.tar.bz2#62f26a3d1387acee31322208f0cfa3e0
https://conda.anaconda.org/conda-forge/noarch/sniffio-1.3.0-pyhd8ed1ab_0.tar.bz2#dd6cbc539e74cb1f430efbd4575b9303
https://conda.anaconda.org/conda-forge/noarch/typing_extensions-4.8.0-pyha770c72_0.conda#5b1be40a26d10a06f6d4f1f9e19fa0c7
https://conda.anaconda.org/conda-forge/osx-arm64/tzlocal-5.2-py310hbe9552e_0.conda#9648dbe48ad28e4b6d8d25ee6838f47b
https://conda.anaconda.org/conda-forge/noarch/unidecode-1.3.7-pyhd8ed1ab_0.conda#06532129755273a6d5a0e0cd179330a5
https://conda.anaconda.org/conda-forge/noarch/wheel-0.41.3-pyhd8ed1ab_0.conda#3fc026b9c87d091c4b34a6c997324ae8
https://conda.anaconda.org/conda-forge/noarch/zipp-3.17.0-pyhd8ed1ab_0.conda#2e4d6bc0b14e10f895fc6791a7d9b26a
https://conda.anaconda.org/conda-forge/noarch/aiosignal-1.3.1-pyhd8ed1ab_0.tar.bz2#d1e1eb7e21a9e2c74279d87dafb68156
https://conda.anaconda.org/conda-forge/noarch/anyio-4.0.0-pyhd8ed1ab_0.conda#3c4e99d3ae4ec033d4dd99fb5220e540
https://conda.anaconda.org/conda-forge/osx-arm64/aws-c-s3-0.3.22-hc2675ac_1.conda#9e6f29c7a8cb94a2ba759e180ea12b4c
https://conda.anaconda.org/conda-forge/osx-arm64/cffi-1.16.0-py310hdcd7c05_0.conda#8855823d908004e4d3b4fd4218795ad2
https://conda.anaconda.org/conda-forge/noarch/docker-pycreds-0.4.0-py_0.tar.bz2#c69f19038efee4eb534623610d0c2053
https://conda.anaconda.org/conda-forge/osx-arm64/fastavro-1.9.0-py310hd125d64_0.conda#f2f0164e6a4f7940b22eefe42192281b
https://conda.anaconda.org/conda-forge/noarch/gitdb-4.0.11-pyhd8ed1ab_0.conda#623b19f616f2ca0c261441067e18ae40
https://conda.anaconda.org/conda-forge/osx-arm64/grpcio-1.59.2-py310h6121c79_0.conda#b84e5bfb462a61dd494b21a19bb3fa6a
https://conda.anaconda.org/conda-forge/noarch/h11-0.14.0-pyhd8ed1ab_0.tar.bz2#b21ed0883505ba1910994f1df031a428
https://conda.anaconda.org/conda-forge/noarch/h2-4.1.0-pyhd8ed1ab_0.tar.bz2#b748fbf7060927a6e82df7cb5ee8f097
https://conda.anaconda.org/conda-forge/osx-arm64/harfbuzz-8.2.1-hf1a6348_0.conda#001c9b64c94fb7066525bff0dc0f30c2
https://conda.anaconda.org/conda-forge/noarch/httplib2-0.22.0-pyhd8ed1ab_0.conda#75362ef538813bab1cfec370bb09e41f
https://conda.anaconda.org/conda-forge/noarch/importlib-metadata-6.8.0-pyha770c72_0.conda#4e9f59a060c3be52bc4ddc46ee9b6946
https://conda.anaconda.org/conda-forge/noarch/jinja2-3.1.2-pyhd8ed1ab_1.tar.bz2#c8490ed5c70966d232fdd389d0dbed37
https://conda.anaconda.org/conda-forge/noarch/joblib-1.3.2-pyhd8ed1ab_0.conda#4da50d410f553db77e62ab62ffaa1abc
https://conda.anaconda.org/conda-forge/noarch/js2py-0.74-pyhd8ed1ab_0.tar.bz2#83b395e2c1f38484ec650d0369dde6d7
https://conda.anaconda.org/conda-forge/osx-arm64/libcblas-3.9.0-19_osxarm64_openblas.conda#5460a8d1beffd7f63994d891e6a20da4
https://conda.anaconda.org/conda-forge/osx-arm64/libgoogle-cloud-2.12.0-hfb399a7_4.conda#d62901188ab756c841cbb9a80c6c3f3c
https://conda.anaconda.org/conda-forge/osx-arm64/liblapack-3.9.0-19_osxarm64_openblas.conda#3638eacb084c374f41f9efa40d20a47b
https://conda.anaconda.org/conda-forge/noarch/lightning-utilities-0.9.0-pyhd8ed1ab_0.conda#c71f7ec8b80a536e58b979299b230251
https://conda.anaconda.org/conda-forge/noarch/markdown-it-py-3.0.0-pyhd8ed1ab_0.conda#93a8e71256479c62074356ef6ebf501b
https://conda.anaconda.org/conda-forge/osx-arm64/multiprocess-0.70.13-py310h02f21da_0.tar.bz2#fdfecb32c173d5b113568a781ee77ad5
https://conda.anaconda.org/conda-forge/noarch/pip-23.3.1-pyhd8ed1ab_0.conda#2400c0b86889f43aa52067161e1fb108
https://conda.anaconda.org/conda-forge/osx-arm64/protobuf-4.24.4-py310hc08086b_0.conda#8a5a1ed08789831ac01227be96835b49
https://conda.anaconda.org/conda-forge/noarch/python-dateutil-2.8.2-pyhd8ed1ab_0.tar.bz2#dd999d1cc9f79e67dbb855c8924c7984
https://conda.anaconda.org/conda-forge/osx-arm64/ruamel.yaml-0.18.5-py310hd125d64_0.conda#f79029aa82ac60f514bd64b603ada0e2
https://conda.anaconda.org/conda-forge/noarch/sympy-1.12-pypyh9d50eac_103.conda#2f7d6347d7acf6edf1ac7f2189f44c8f
https://conda.anaconda.org/conda-forge/noarch/tqdm-4.66.1-pyhd8ed1ab_0.conda#03c97908b976498dcae97eb4e4f3149c
https://conda.anaconda.org/conda-forge/noarch/typing-extensions-4.8.0-hd8ed1ab_0.conda#384462e63262a527bda564fa2d9126c0
https://conda.anaconda.org/conda-forge/noarch/urllib3-2.0.7-pyhd8ed1ab_0.conda#270e71c14d37074b1d066ee21cf0c4a6
https://conda.anaconda.org/conda-forge/osx-arm64/yarl-1.9.2-py310hd125d64_1.conda#8a6c10edb0ce538d54d3cae04949f949
https://conda.anaconda.org/conda-forge/noarch/annotated-types-0.6.0-pyhd8ed1ab_0.conda#997c29372bdbe2afee073dff71f35923
https://conda.anaconda.org/conda-forge/noarch/async-timeout-4.0.3-pyhd8ed1ab_0.conda#3ce482ec3066e6d809dbbb1d1679f215
https://conda.anaconda.org/conda-forge/osx-arm64/aws-crt-cpp-0.24.5-hf5813d2_0.conda#09438e8e0ecec4f558ab23bd014ddc4e
https://conda.anaconda.org/conda-forge/osx-arm64/cryptography-41.0.5-py310h0e6f4b3_0.conda#4ac983adb8bd6cdf393a8cbef1dd3837
https://conda.anaconda.org/conda-forge/noarch/gitpython-3.1.40-pyhd8ed1ab_0.conda#6bf74c3b7c13079a91d4bd3da51cefcf
https://conda.anaconda.org/conda-forge/noarch/httpcore-1.0.1-pyhd8ed1ab_0.conda#94c9fcc2b0019551350b9b73c9845a2d
https://conda.anaconda.org/conda-forge/noarch/importlib_metadata-6.8.0-hd8ed1ab_0.conda#b279b07ce18058034e5b3606ba103a8b
https://conda.anaconda.org/conda-forge/osx-arm64/libass-0.17.1-hf7da4fe_1.conda#53fff6fc379154382f5121325c5fe2f5
https://conda.anaconda.org/conda-forge/osx-arm64/numpy-1.24.4-py310haa1e00c_0.conda#46dabb7e75e135894ff149ff30c2fe58
https://conda.anaconda.org/conda-forge/osx-arm64/pango-1.50.14-hcf40dda_2.conda#79026cbb74d69b444e5dc2be0fb4b4a9
https://conda.anaconda.org/conda-forge/noarch/proto-plus-1.22.3-pyhd8ed1ab_0.conda#5accead0a4f3b2287e1ae1992f7b614f
https://conda.anaconda.org/conda-forge/osx-arm64/pydantic-core-2.10.1-py310had9acf8_0.conda#ef4fe87da3a5f9e8f2bca9b7af57b1cb
https://conda.anaconda.org/pytorch/osx-arm64/pytorch-2.1.0-py3.10_0.tar.bz2#5b94ad224f848b149cf53a5b0581ec13
https://conda.anaconda.org/conda-forge/noarch/requests-2.31.0-pyhd8ed1ab_0.conda#a30144e4156cdbb236f99ebb49828f8b
https://conda.anaconda.org/conda-forge/noarch/rich-13.6.0-pyhd8ed1ab_0.conda#3ca4829f40710f581ca1d76bc907e99f
https://conda.anaconda.org/conda-forge/noarch/sacremoses-0.0.53-pyhd8ed1ab_0.tar.bz2#76c3c384fe0941f1b08193736e8e277a
https://conda.anaconda.org/conda-forge/noarch/sentry-sdk-1.34.0-pyhd8ed1ab_0.conda#357513538aac3530264568eee6abaf63
https://conda.anaconda.org/conda-forge/osx-arm64/zstandard-0.22.0-py310h6289e41_0.conda#f09fc5240964cceff0bbb2d68dbb6a5d
https://conda.anaconda.org/conda-forge/osx-arm64/aiohttp-3.8.6-py310hd125d64_1.conda#d0ca0be6ba7cb192650ba13435d91dc8
https://conda.anaconda.org/conda-forge/osx-arm64/aws-sdk-cpp-1.11.182-h0c1a885_4.conda#4a69ed767d116ecf65943436ed6a8623
https://conda.anaconda.org/conda-forge/noarch/dnspython-2.4.2-pyhd8ed1ab_1.conda#b9657eab1e69207feba4f21fa1207b03
https://conda.anaconda.org/conda-forge/osx-arm64/ffmpeg-6.0.0-gpl_h1ceb99f_105.conda#ab473674ec333a0fec0de661107bc6c1
https://conda.anaconda.org/conda-forge/osx-arm64/gtk2-2.24.33-h57013de_2.tar.bz2#144fb77338d90012ebe80d3dd13fc725
https://conda.anaconda.org/conda-forge/noarch/huggingface_hub-0.16.4-pyhd8ed1ab_0.conda#1987745df86e9af7ff29d0352af8873a
https://conda.anaconda.org/conda-forge/osx-arm64/librsvg-2.56.3-h0db3404_0.conda#b9784f5c16c6d01d59f7e65a3b0441c6
https://conda.anaconda.org/conda-forge/osx-arm64/pandas-2.1.2-py310h6e3cc31_0.conda#f4541964837302ef276e39beec3930b6
https://conda.anaconda.org/conda-forge/noarch/pydantic-2.4.2-pyhd8ed1ab_1.conda#aad1d187156725d52e1f8ee7756c20f6
https://conda.anaconda.org/conda-forge/osx-arm64/pyspnego-0.9.1-py310h2aa6e3c_2.conda#d8bb512e65cd090d6753e1a4a9612130
https://conda.anaconda.org/conda-forge/noarch/torchmetrics-1.2.0-pyhd8ed1ab_0.conda#e8ab9fbd0174c2f1392c38d848c53956
https://conda.anaconda.org/conda-forge/noarch/typer-0.9.0-pyhd8ed1ab_0.conda#5030a13b2fe5e143d5956d4943d3018f
https://conda.anaconda.org/conda-forge/noarch/wandb-0.15.12-pyhd8ed1ab_0.conda#fa93cd3b1f3311ddd07df0a393e18c19
https://conda.anaconda.org/conda-forge/osx-arm64/graphviz-8.1.0-h10878c0_0.conda#2ac37563706d58d9129901ef9343d6e5
https://conda.anaconda.org/conda-forge/osx-arm64/libarrow-11.0.0-h0451105_48_cpu.conda#277f9561d8fab7d344d0e3647a23a2aa
https://conda.anaconda.org/conda-forge/osx-arm64/pymongo-4.6.0-py310hd5a4765_0.conda#409b20ed212b2ef6fe543ab5f36c3d2a
https://conda.anaconda.org/conda-forge/noarch/pytorch-lightning-2.1.0-pyhd8ed1ab_0.conda#2049b36b43c74d1878443b18526a0bbd
https://conda.anaconda.org/conda-forge/noarch/requests-kerberos-0.14.0-pyhd8ed1ab_1.conda#81e8dbf95810b81042957091aaaef9f6
https://conda.anaconda.org/conda-forge/osx-arm64/tokenizers-0.14.1-py310h4a533d7_2.conda#7581ad10530ec708ec561aea555da80d
https://conda.anaconda.org/pytorch/osx-arm64/torchvision-0.16.0-py310_cpu.tar.bz2#8d8234368272545bef46c509e2d27895
https://conda.anaconda.org/conda-forge/osx-arm64/pyarrow-11.0.0-py310hd79590e_48_cpu.conda#833de1c6afc7393d19d50d161287836c
https://conda.anaconda.org/conda-forge/osx-arm64/pydot-1.4.2-py310hbe9552e_4.conda#b32475e291b9311fbf37f42106b6619f
https://conda.anaconda.org/conda-forge/noarch/python-hdfs-2.7.3-pyhd8ed1ab_0.conda#c43e50d900680f7bfbb0237317b9983f
https://conda.anaconda.org/conda-forge/osx-arm64/apache-beam-2.51.0-py310h50ce23c_0.conda#d231452d96bea4cb00a3b2c3451fdff5
https://conda.anaconda.org/conda-forge/noarch/datasets-2.14.6-pyhd8ed1ab_0.conda#0e011ab75c4c93d15668368b4b0e0111
https://conda.anaconda.org/conda-forge/noarch/transformers-4.35.0-pyhd8ed1ab_0.conda#d00f8b25d116ff7c5be94e7b3cf5c3d6
# pip mwparserfromhell @ https://files.pythonhosted.org/packages/11/dd/6c76c0e1bc77966ff82a4095de31483fe33b27556bccfd90d4d37d69c799/mwparserfromhell-0.6.5.tar.gz#sha256=2bad0bff614576399e4470d6400ba29c52d595682a4b8de642afbb5bebf4a346
